
Microsoft Visual Studio Solution File, Format Version 12.00
# Visual Studio Version 17
VisualStudioVersion = 17.3.32929.385
MinimumVisualStudioVersion = 10.0.40219.1
Project("{FAE04EC0-301F-11D3-BF4B-00C04F79EFBC}") = "LegacyFunctions", "LegacyFunctions\LegacyFunctions.csproj", "{610C01D8-8E5C-4150-BFD0-68010C6EA10C}"
EndProject
Global
	GlobalSection(SolutionConfigurationPlatforms) = preSolution
		Debug|Any CPU = Debug|Any CPU
		Release|Any CPU = Release|Any CPU
	EndGlobalSection
	GlobalSection(ProjectConfigurationPlatforms) = postSolution
		{610C01D8-8E5C-4150-BFD0-68010C6EA10C}.Debug|Any CPU.ActiveCfg = Debug|Any CPU
		{610C01D8-8E5C-4150-BFD0-68010C6EA10C}.Debug|Any CPU.Build.0 = Debug|Any CPU
		{610C01D8-8E5C-4150-BFD0-68010C6EA10C}.Release|Any CPU.ActiveCfg = Release|Any CPU
		{610C01D8-8E5C-4150-BFD0-68010C6EA10C}.Release|Any CPU.Build.0 = Release|Any CPU
	EndGlobalSection
	GlobalSection(SolutionProperties) = preSolution
		HideSolutionNode = FALSE
	EndGlobalSection
	GlobalSection(ExtensibilityGlobals) = postSolution
		SolutionGuid = {260F7FDE-3AD4-47AB-9357-23A02516A51B}
	EndGlobalSection
EndGlobal
